
Microsoft Visual Studio Solution File, Format Version 12.00
# Visual Studio 2013
VisualStudioVersion = 12.0.40629.0
MinimumVisualStudioVersion = 10.0.40219.1
Project("{8BC9CEB8-8B4A-11D0-8D11-00A0C91BC942}") = "brawlls", "brawlls.vcxproj", "{5DF69397-9592-4D51-A8E4-E014A3B9AC55}"
EndProject
Project("{FAE04EC0-301F-11D3-BF4B-00C04F79EFBC}") = "BrawlLib", "..\brawltools\BrawlLib\BrawlLib.csproj", "{462D0BBF-CE82-405B-8848-2F91E9E14C55}"
EndProject
Project("{8BC9CEB8-8B4A-11D0-8D11-00A0C91BC942}") = "values32b", "values32b\values32b.vcxproj", "{9A8C9B1A-27B7-4010-87EF-C77EF4FD0081}"
EndProject
Global
	GlobalSection(SolutionConfigurationPlatforms) = preSolution
		_DEBUG|Any CPU = _DEBUG|Any CPU
		_DEBUG|Itanium = _DEBUG|Itanium
		_DEBUG|Mixed Platforms = _DEBUG|Mixed Platforms
		_DEBUG|Win32 = _DEBUG|Win32
		_DEBUG|x64 = _DEBUG|x64
		_DEBUG|x86 = _DEBUG|x86
		Debug|Any CPU = Debug|Any CPU
		Debug|Itanium = Debug|Itanium
		Debug|Mixed Platforms = Debug|Mixed Platforms
		Debug|Win32 = Debug|Win32
		Debug|x64 = Debug|x64
		Debug|x86 = Debug|x86
		Release|Any CPU = Release|Any CPU
		Release|Itanium = Release|Itanium
		Release|Mixed Platforms = Release|Mixed Platforms
		Release|Win32 = Release|Win32
		Release|x64 = Release|x64
		Release|x86 = Release|x86
	EndGlobalSection
	GlobalSection(ProjectConfigurationPlatforms) = postSolution
		{5DF69397-9592-4D51-A8E4-E014A3B9AC55}._DEBUG|Any CPU.ActiveCfg = Release|Win32
		{5DF69397-9592-4D51-A8E4-E014A3B9AC55}._DEBUG|Itanium.ActiveCfg = Release|Win32
		{5DF69397-9592-4D51-A8E4-E014A3B9AC55}._DEBUG|Mixed Platforms.ActiveCfg = Release|Win32
		{5DF69397-9592-4D51-A8E4-E014A3B9AC55}._DEBUG|Mixed Platforms.Build.0 = Release|Win32
		{5DF69397-9592-4D51-A8E4-E014A3B9AC55}._DEBUG|Win32.ActiveCfg = Release|Win32
		{5DF69397-9592-4D51-A8E4-E014A3B9AC55}._DEBUG|Win32.Build.0 = Release|Win32
		{5DF69397-9592-4D51-A8E4-E014A3B9AC55}._DEBUG|x64.ActiveCfg = Release|Win32
		{5DF69397-9592-4D51-A8E4-E014A3B9AC55}._DEBUG|x86.ActiveCfg = Release|Win32
		{5DF69397-9592-4D51-A8E4-E014A3B9AC55}._DEBUG|x86.Build.0 = Release|Win32
		{5DF69397-9592-4D51-A8E4-E014A3B9AC55}.Debug|Any CPU.ActiveCfg = Debug|Win32
		{5DF69397-9592-4D51-A8E4-E014A3B9AC55}.Debug|Itanium.ActiveCfg = Debug|Win32
		{5DF69397-9592-4D51-A8E4-E014A3B9AC55}.Debug|Mixed Platforms.ActiveCfg = Debug|Win32
		{5DF69397-9592-4D51-A8E4-E014A3B9AC55}.Debug|Mixed Platforms.Build.0 = Debug|Win32
		{5DF69397-9592-4D51-A8E4-E014A3B9AC55}.Debug|Win32.ActiveCfg = Debug|Win32
		{5DF69397-9592-4D51-A8E4-E014A3B9AC55}.Debug|Win32.Build.0 = Debug|Win32
		{5DF69397-9592-4D51-A8E4-E014A3B9AC55}.Debug|x64.ActiveCfg = Debug|Win32
		{5DF69397-9592-4D51-A8E4-E014A3B9AC55}.Debug|x86.ActiveCfg = Debug|Win32
		{5DF69397-9592-4D51-A8E4-E014A3B9AC55}.Debug|x86.Build.0 = Debug|Win32
		{5DF69397-9592-4D51-A8E4-E014A3B9AC55}.Release|Any CPU.ActiveCfg = Release|Win32
		{5DF69397-9592-4D51-A8E4-E014A3B9AC55}.Release|Itanium.ActiveCfg = Release|Win32
		{5DF69397-9592-4D51-A8E4-E014A3B9AC55}.Release|Mixed Platforms.ActiveCfg = Release|Win32
		{5DF69397-9592-4D51-A8E4-E014A3B9AC55}.Release|Mixed Platforms.Build.0 = Release|Win32
		{5DF69397-9592-4D51-A8E4-E014A3B9AC55}.Release|Win32.ActiveCfg = Release|Win32
		{5DF69397-9592-4D51-A8E4-E014A3B9AC55}.Release|Win32.Build.0 = Release|Win32
		{5DF69397-9592-4D51-A8E4-E014A3B9AC55}.Release|x64.ActiveCfg = Release|Win32
		{5DF69397-9592-4D51-A8E4-E014A3B9AC55}.Release|x86.ActiveCfg = Release|Win32
		{5DF69397-9592-4D51-A8E4-E014A3B9AC55}.Release|x86.Build.0 = Release|Win32
		{462D0BBF-CE82-405B-8848-2F91E9E14C55}._DEBUG|Any CPU.ActiveCfg = Release|Any CPU
		{462D0BBF-CE82-405B-8848-2F91E9E14C55}._DEBUG|Any CPU.Build.0 = Release|Any CPU
		{462D0BBF-CE82-405B-8848-2F91E9E14C55}._DEBUG|Itanium.ActiveCfg = Release|Any CPU
		{462D0BBF-CE82-405B-8848-2F91E9E14C55}._DEBUG|Mixed Platforms.ActiveCfg = Release|x86
		{462D0BBF-CE82-405B-8848-2F91E9E14C55}._DEBUG|Mixed Platforms.Build.0 = Release|x86
		{462D0BBF-CE82-405B-8848-2F91E9E14C55}._DEBUG|Win32.ActiveCfg = Release|x86
		{462D0BBF-CE82-405B-8848-2F91E9E14C55}._DEBUG|Win32.Build.0 = Release|x86
		{462D0BBF-CE82-405B-8848-2F91E9E14C55}._DEBUG|x64.ActiveCfg = Release|x64
		{462D0BBF-CE82-405B-8848-2F91E9E14C55}._DEBUG|x64.Build.0 = Release|x64
		{462D0BBF-CE82-405B-8848-2F91E9E14C55}._DEBUG|x86.ActiveCfg = Release|x86
		{462D0BBF-CE82-405B-8848-2F91E9E14C55}._DEBUG|x86.Build.0 = Release|x86
		{462D0BBF-CE82-405B-8848-2F91E9E14C55}.Debug|Any CPU.ActiveCfg = Debug|Any CPU
		{462D0BBF-CE82-405B-8848-2F91E9E14C55}.Debug|Any CPU.Build.0 = Debug|Any CPU
		{462D0BBF-CE82-405B-8848-2F91E9E14C55}.Debug|Itanium.ActiveCfg = Debug|Any CPU
		{462D0BBF-CE82-405B-8848-2F91E9E14C55}.Debug|Mixed Platforms.ActiveCfg = Debug|x86
		{462D0BBF-CE82-405B-8848-2F91E9E14C55}.Debug|Mixed Platforms.Build.0 = Debug|x86
		{462D0BBF-CE82-405B-8848-2F91E9E14C55}.Debug|Win32.ActiveCfg = Debug|x86
		{462D0BBF-CE82-405B-8848-2F91E9E14C55}.Debug|Win32.Build.0 = Debug|x86
		{462D0BBF-CE82-405B-8848-2F91E9E14C55}.Debug|x64.ActiveCfg = Debug|x64
		{462D0BBF-CE82-405B-8848-2F91E9E14C55}.Debug|x64.Build.0 = Debug|x64
		{462D0BBF-CE82-405B-8848-2F91E9E14C55}.Debug|x86.ActiveCfg = Debug|x86
		{462D0BBF-CE82-405B-8848-2F91E9E14C55}.Debug|x86.Build.0 = Debug|x86
		{462D0BBF-CE82-405B-8848-2F91E9E14C55}.Release|Any CPU.ActiveCfg = Release|Any CPU
		{462D0BBF-CE82-405B-8848-2F91E9E14C55}.Release|Any CPU.Build.0 = Release|Any CPU
		{462D0BBF-CE82-405B-8848-2F91E9E14C55}.Release|Itanium.ActiveCfg = Release|Any CPU
		{462D0BBF-CE82-405B-8848-2F91E9E14C55}.Release|Mixed Platforms.ActiveCfg = Release|x86
		{462D0BBF-CE82-405B-8848-2F91E9E14C55}.Release|Mixed Platforms.Build.0 = Release|x86
		{462D0BBF-CE82-405B-8848-2F91E9E14C55}.Release|Win32.ActiveCfg = Release|x86
		{462D0BBF-CE82-405B-8848-2F91E9E14C55}.Release|Win32.Build.0 = Release|x86
		{462D0BBF-CE82-405B-8848-2F91E9E14C55}.Release|x64.ActiveCfg = Release|x64
		{462D0BBF-CE82-405B-8848-2F91E9E14C55}.Release|x64.Build.0 = Release|x64
		{462D0BBF-CE82-405B-8848-2F91E9E14C55}.Release|x86.ActiveCfg = Release|x86
		{462D0BBF-CE82-405B-8848-2F91E9E14C55}.Release|x86.Build.0 = Release|x86
		{9A8C9B1A-27B7-4010-87EF-C77EF4FD0081}._DEBUG|Any CPU.ActiveCfg = Release|Win32
		{9A8C9B1A-27B7-4010-87EF-C77EF4FD0081}._DEBUG|Itanium.ActiveCfg = Release|Win32
		{9A8C9B1A-27B7-4010-87EF-C77EF4FD0081}._DEBUG|Mixed Platforms.ActiveCfg = Release|Win32
		{9A8C9B1A-27B7-4010-87EF-C77EF4FD0081}._DEBUG|Mixed Platforms.Build.0 = Release|Win32
		{9A8C9B1A-27B7-4010-87EF-C77EF4FD0081}._DEBUG|Win32.ActiveCfg = Release|Win32
		{9A8C9B1A-27B7-4010-87EF-C77EF4FD0081}._DEBUG|Win32.Build.0 = Release|Win32
		{9A8C9B1A-27B7-4010-87EF-C77EF4FD0081}._DEBUG|x64.ActiveCfg = Release|Win32
		{9A8C9B1A-27B7-4010-87EF-C77EF4FD0081}._DEBUG|x86.ActiveCfg = Release|Win32
		{9A8C9B1A-27B7-4010-87EF-C77EF4FD0081}._DEBUG|x86.Build.0 = Release|Win32
		{9A8C9B1A-27B7-4010-87EF-C77EF4FD0081}.Debug|Any CPU.ActiveCfg = Debug|Win32
		{9A8C9B1A-27B7-4010-87EF-C77EF4FD0081}.Debug|Itanium.ActiveCfg = Debug|Win32
		{9A8C9B1A-27B7-4010-87EF-C77EF4FD0081}.Debug|Mixed Platforms.ActiveCfg = Debug|Win32
		{9A8C9B1A-27B7-4010-87EF-C77EF4FD0081}.Debug|Mixed Platforms.Build.0 = Debug|Win32
		{9A8C9B1A-27B7-4010-87EF-C77EF4FD0081}.Debug|Win32.ActiveCfg = Debug|Win32
		{9A8C9B1A-27B7-4010-87EF-C77EF4FD0081}.Debug|Win32.Build.0 = Debug|Win32
		{9A8C9B1A-27B7-4010-87EF-C77EF4FD0081}.Debug|x64.ActiveCfg = Debug|Win32
		{9A8C9B1A-27B7-4010-87EF-C77EF4FD0081}.Debug|x86.ActiveCfg = Debug|Win32
		{9A8C9B1A-27B7-4010-87EF-C77EF4FD0081}.Debug|x86.Build.0 = Debug|Win32
		{9A8C9B1A-27B7-4010-87EF-C77EF4FD0081}.Release|Any CPU.ActiveCfg = Release|Win32
		{9A8C9B1A-27B7-4010-87EF-C77EF4FD0081}.Release|Itanium.ActiveCfg = Release|Win32
		{9A8C9B1A-27B7-4010-87EF-C77EF4FD0081}.Release|Mixed Platforms.ActiveCfg = Release|Win32
		{9A8C9B1A-27B7-4010-87EF-C77EF4FD0081}.Release|Mixed Platforms.Build.0 = Release|Win32
		{9A8C9B1A-27B7-4010-87EF-C77EF4FD0081}.Release|Win32.ActiveCfg = Release|Win32
		{9A8C9B1A-27B7-4010-87EF-C77EF4FD0081}.Release|Win32.Build.0 = Release|Win32
		{9A8C9B1A-27B7-4010-87EF-C77EF4FD0081}.Release|x64.ActiveCfg = Release|Win32
		{9A8C9B1A-27B7-4010-87EF-C77EF4FD0081}.Release|x86.ActiveCfg = Release|Win32
		{9A8C9B1A-27B7-4010-87EF-C77EF4FD0081}.Release|x86.Build.0 = Release|Win32
	EndGlobalSection
	GlobalSection(SolutionProperties) = preSolution
		HideSolutionNode = FALSE
	EndGlobalSection
EndGlobal
